# This file is automatically @generated by Cargo.
# It is not intended for manual editing.
version = 4

[[package]]
name = "bitflags"
version = "2.11.1"
source = "registry+https://github.com/rust-lang/crates.io-index"
checksum = "c4512299f36f043ab09a583e57bceb5a5aab7a73db1805848e8fef3c9e8c78b3"

[[package]]
name = "keyring-core"
version = "1.0.0"
source = "registry+https://github.com/rust-lang/crates.io-index"
checksum = "fb1e621458ca9c51aa110bd0339d4751a056b9576bf1253aee1aa560dda0fc9d"
dependencies = [
 "log",
]

[[package]]
name = "libc"
version = "0.2.186"
source = "registry+https://github.com/rust-lang/crates.io-index"
checksum = "68ab91017fe16c622486840e4c83c9a37afeff978bd239b5293d61ece587de66"

[[package]]
name = "linux-keyutils"
version = "0.2.5"
source = "registry+https://github.com/rust-lang/crates.io-index"
checksum = "83270a18e9f90d0707c41e9f35efada77b64c0e6f3f1810e71c8368a864d5590"
dependencies = [
 "bitflags",
 "libc",
]

[[package]]
name = "linux-keyutils-keyring-store"
version = "1.0.0"
source = "registry+https://github.com/rust-lang/crates.io-index"
checksum = "39fbed79f71dc21eb21d3d07c0e908a3c58ff9a1fdbf5cf44230fb3deb6d994b"
dependencies = [
 "keyring-core",
 "linux-keyutils",
]

[[package]]
name = "log"
version = "0.4.30"
source = "registry+https://github.com/rust-lang/crates.io-index"
checksum = "616ec5685824bcc94416c6d4a7a446eea774a31efd7062c8480ba6fd06d7a6e5"

[[package]]
name = "rs-keyring-simple"
version = "0.1.0"
dependencies = [
 "keyring-core",
 "linux-keyutils-keyring-store",
]
